
Microsoft Visual Studio Solution File, Format Version 12.00
# Visual Studio Version 17
VisualStudioVersion = 17.5.002.0
MinimumVisualStudioVersion = 10.0.40219.1
Project("{9A19103F-16F7-4668-BE54-9A1E7A4F7556}") = "TrilhaApiDesafio", "TrilhaApiDesafio.csproj", "{8FEDCFB5-A958-4B7D-A6D5-8B8C02EE6EC6}"
EndProject
Global
	GlobalSection(SolutionConfigurationPlatforms) = preSolution
		Debug|Any CPU = Debug|Any CPU
		Release|Any CPU = Release|Any CPU
	EndGlobalSection
	GlobalSection(ProjectConfigurationPlatforms) = postSolution
		{8FEDCFB5-A958-4B7D-A6D5-8B8C02EE6EC6}.Debug|Any CPU.ActiveCfg = Debug|Any CPU
		{8FEDCFB5-A958-4B7D-A6D5-8B8C02EE6EC6}.Debug|Any CPU.Build.0 = Debug|Any CPU
		{8FEDCFB5-A958-4B7D-A6D5-8B8C02EE6EC6}.Release|Any CPU.ActiveCfg = Release|Any CPU
		{8FEDCFB5-A958-4B7D-A6D5-8B8C02EE6EC6}.Release|Any CPU.Build.0 = Release|Any CPU
	EndGlobalSection
	GlobalSection(SolutionProperties) = preSolution
		HideSolutionNode = FALSE
	EndGlobalSection
	GlobalSection(ExtensibilityGlobals) = postSolution
		SolutionGuid = {257C6D80-B4D9-46B0-9119-D8C8798E2456}
	EndGlobalSection
EndGlobal
